{
  "name": "homey-sonybraviaandroidtv",
  "version": "1.0.0",
  "lockfileVersion": 1,
  "requires": true,
  "dependencies": {
    "async": {
      "version": "2.6.1",
      "resolved": "https://registry.npmjs.org/async/-/async-2.6.1.tgz",
      "integrity": "sha512-fNEiL2+AZt6AlAw/29Cr0UDe4sRAHCpEHh54WMz+Bb7QfNcFw4h3loofyJpLeQs4Yx7yuqu/2dLgM5hKOs6HlQ==",
      "requires": {
        "lodash": "4.17.11"
      }
    },
    "bluebird": {
      "version": "3.5.3",
      "resolved": "https://registry.npmjs.org/bluebird/-/bluebird-3.5.3.tgz",
      "integrity": "sha512-/qKPUQlaW1OyR51WeCPBvRnAlnZFUJkCSG5HzGnuIqhgyJtF+T94lFnn33eiazjRm2LAHVy2guNnaq48X9SJuw=="
    },
    "debug": {
      "version": "3.2.6",
      "resolved": "https://registry.npmjs.org/debug/-/debug-3.2.6.tgz",
      "integrity": "sha512-mel+jf7nrtEl5Pn1Qx46zARXKDpBbvzezse7p7LqINmdoIk8PYP5SySaxEmYv6TZ0JyEKA1hsCId6DIhgITtWQ==",
      "requires": {
        "ms": "2.1.1"
      }
    },
    "deepmerge": {
      "version": "3.1.0",
      "resolved": "https://registry.npmjs.org/deepmerge/-/deepmerge-3.1.0.tgz",
      "integrity": "sha512-/TnecbwXEdycfbsM2++O3eGiatEFHjjNciHEwJclM+T5Kd94qD1AP+2elP/Mq0L5b9VZJao5znR01Mz6eX8Seg=="
    },
    "extend": {
      "version": "3.0.2",
      "resolved": "https://registry.npmjs.org/extend/-/extend-3.0.2.tgz",
      "integrity": "sha512-fjquC59cD7CyW6urNXK0FBufkZcoiGG80wTuPujX590cB5Ttln20E2UB4S/WARVqhXffZl2LNgS+gQdPIIim/g=="
    },
    "ip": {
      "version": "1.1.5",
      "resolved": "https://registry.npmjs.org/ip/-/ip-1.1.5.tgz",
      "integrity": "sha1-vd7XARQpCCjAoDnnLvJfWq7ENUo="
    },
    "lodash": {
      "version": "4.17.11",
      "resolved": "https://registry.npmjs.org/lodash/-/lodash-4.17.11.tgz",
      "integrity": "sha512-cQKh8igo5QUhZ7lg38DYWAxMvjSAKG0A8wGSVimP07SIUEK2UO+arSRKbRZWtelMtN5V0Hkwh5ryOto/SshYIg=="
    },
    "ms": {
      "version": "2.1.1",
      "resolved": "https://registry.npmjs.org/ms/-/ms-2.1.1.tgz",
      "integrity": "sha512-tgp+dl5cGk28utYktBsrFqA7HKgrhgPsg6Z/EfhWI4gl1Hwq8B/GmY/0oXZ6nF8hDVesS/FpnYaD/kOWhYQvyg=="
    },
    "node-fetch": {
      "version": "2.3.0",
      "resolved": "https://registry.npmjs.org/node-fetch/-/node-fetch-2.3.0.tgz",
      "integrity": "sha512-MOd8pV3fxENbryESLgVIeaGKrdl+uaYhCSSVkjeOb/31/njTpcis5aWfdqgNlHIrKOLRbMnfPINPOML2CIFeXA=="
    },
    "node-ssdp": {
      "version": "4.0.0",
      "resolved": "https://registry.npmjs.org/node-ssdp/-/node-ssdp-4.0.0.tgz",
      "integrity": "sha512-JQoNKfRYj/MvOFvE5de/SRJEhkLIHx2MVyiYi46rEGWkH+LuFZhSHvWP7JaFiVs+C+GOdl3c1qC9yDs8lSV4Fg==",
      "requires": {
        "async": "2.6.1",
        "bluebird": "3.5.3",
        "debug": "3.2.6",
        "extend": "3.0.2",
        "ip": "1.1.5"
      }
    },
    "wol": {
      "version": "1.0.5",
      "resolved": "https://registry.npmjs.org/wol/-/wol-1.0.5.tgz",
      "integrity": "sha512-tHiTyKyby5Ac3by0+UfFGFehAgE/Cf4RjINdjIhlmCl5GFWf/Onmlj/yETrCS3TToPk41kEfmRzxe8/mwbukNg=="
    }
  }
}
